
Microsoft Visual Studio Solution File, Format Version 12.00
# Visual Studio 2013
VisualStudioVersion = 12.0.30723.0
MinimumVisualStudioVersion = 10.0.40219.1
Project("{FAE04EC0-301F-11D3-BF4B-00C04F79EFBC}") = "TTIdSvr_Demo", "Demo\TTIdSvr_Demo.csproj", "{D288D7A2-0C7B-4A96-8E50-15E216CB60B8}"
EndProject
Project("{2150E333-8FDC-42A3-9474-1A3956D46DE8}") = "Solution Items", "Solution Items", "{E82CB657-1063-42B3-9B97-225A5E1D674F}"
	ProjectSection(SolutionItems) = preProject
		_projectNotes.txt = _projectNotes.txt
		LICENSE = LICENSE
		README.md = README.md
	EndProjectSection
EndProject
Global
	GlobalSection(SolutionConfigurationPlatforms) = preSolution
		Debug|Any CPU = Debug|Any CPU
		Release|Any CPU = Release|Any CPU
	EndGlobalSection
	GlobalSection(ProjectConfigurationPlatforms) = postSolution
		{D288D7A2-0C7B-4A96-8E50-15E216CB60B8}.Debug|Any CPU.ActiveCfg = Debug|Any CPU
		{D288D7A2-0C7B-4A96-8E50-15E216CB60B8}.Debug|Any CPU.Build.0 = Debug|Any CPU
		{D288D7A2-0C7B-4A96-8E50-15E216CB60B8}.Release|Any CPU.ActiveCfg = Release|Any CPU
		{D288D7A2-0C7B-4A96-8E50-15E216CB60B8}.Release|Any CPU.Build.0 = Release|Any CPU
	EndGlobalSection
	GlobalSection(SolutionProperties) = preSolution
		HideSolutionNode = FALSE
	EndGlobalSection
EndGlobal
